
Microsoft Visual Studio Solution File, Format Version 12.00
# Visual Studio Version 17
VisualStudioVersion = 17.0.32002.185
MinimumVisualStudioVersion = 10.0.40219.1
Project("{FAE04EC0-301F-11D3-BF4B-00C04F79EFBC}") = "WindowsFormAula1", "WindowsFormAula1\WindowsFormAula1.csproj", "{D50F7C23-C7FF-43F9-89F9-2369980E4024}"
EndProject
Global
	GlobalSection(SolutionConfigurationPlatforms) = preSolution
		Debug|Any CPU = Debug|Any CPU
		Release|Any CPU = Release|Any CPU
	EndGlobalSection
	GlobalSection(ProjectConfigurationPlatforms) = postSolution
		{D50F7C23-C7FF-43F9-89F9-2369980E4024}.Debug|Any CPU.ActiveCfg = Debug|Any CPU
		{D50F7C23-C7FF-43F9-89F9-2369980E4024}.Debug|Any CPU.Build.0 = Debug|Any CPU
		{D50F7C23-C7FF-43F9-89F9-2369980E4024}.Release|Any CPU.ActiveCfg = Release|Any CPU
		{D50F7C23-C7FF-43F9-89F9-2369980E4024}.Release|Any CPU.Build.0 = Release|Any CPU
	EndGlobalSection
	GlobalSection(SolutionProperties) = preSolution
		HideSolutionNode = FALSE
	EndGlobalSection
	GlobalSection(ExtensibilityGlobals) = postSolution
		SolutionGuid = {DFB8E7F3-F2AD-4A8C-9FAF-F90827FB1252}
	EndGlobalSection
EndGlobal
